// !$*UTF8*$!
{
	archiveVersion = 1;
	classes = {
	};
	objectVersion = 50;
	objects = {

/* Begin PBXBuildFile section */
		179985417FAFE7652D1653AD /* libPods-react-native-zendesk-support.a in Frameworks */ = {isa = PBXBuildFile; fileRef = DE3DD7606AC46653B4B2F31D /* libPods-react-native-zendesk-support.a */; };
		B55C446022B2A2EE0073E13F /* react_native_zendesk_support.m in Sources */ = {isa = PBXBuildFile; fileRef = B55C445F22B2A2EE0073E13F /* react_native_zendesk_support.m */; };
		B55C446122B2A2EE0073E13F /* react_native_zendesk_support.h in CopyFiles */ = {isa = PBXBuildFile; fileRef = B55C445E22B2A2EE0073E13F /* react_native_zendesk_support.h */; };
/* End PBXBuildFile section */

/* Begin PBXCopyFilesBuildPhase section */
		B55C445922B2A2EE0073E13F /* CopyFiles */ = {
			isa = PBXCopyFilesBuildPhase;
			buildActionMask = 2147483647;
			dstPath = "include/$(PRODUCT_NAME)";
			dstSubfolderSpec = 16;
			files = (
				B55C446122B2A2EE0073E13F /* react_native_zendesk_support.h in CopyFiles */,
			);
			runOnlyForDeploymentPostprocessing = 0;
		};
/* End PBXCopyFilesBuildPhase section */

/* Begin PBXFileReference section */
		641002DFF4EC09D021BAC6B2 /* Pods-react-native-zendesk-support.debug.xcconfig */ = {isa = PBXFileReference; includeInIndex = 1; lastKnownFileType = text.xcconfig; name = "Pods-react-native-zendesk-support.debug.xcconfig"; path = "Target Support Files/Pods-react-native-zendesk-support/Pods-react-native-zendesk-support.debug.xcconfig"; sourceTree = "<group>"; };
		B55C445B22B2A2EE0073E13F /* libreact-native-zendesk-support.a */ = {isa = PBXFileReference; explicitFileType = archive.ar; includeInIndex = 0; path = "libreact-native-zendesk-support.a"; sourceTree = BUILT_PRODUCTS_DIR; };
		B55C445E22B2A2EE0073E13F /* react_native_zendesk_support.h */ = {isa = PBXFileReference; lastKnownFileType = sourcecode.c.h; path = react_native_zendesk_support.h; sourceTree = "<group>"; };
		B55C445F22B2A2EE0073E13F /* react_native_zendesk_support.m */ = {isa = PBXFileReference; lastKnownFileType = sourcecode.c.objc; path = react_native_zendesk_support.m; sourceTree = "<group>"; };
		DE3DD7606AC46653B4B2F31D /* libPods-react-native-zendesk-support.a */ = {isa = PBXFileReference; explicitFileType = archive.ar; includeInIndex = 0; path = "libPods-react-native-zendesk-support.a"; sourceTree = BUILT_PRODUCTS_DIR; };
		F39A61C848AA0D50C21E43A8 /* Pods-react-native-zendesk-support.release.xcconfig */ = {isa = PBXFileReference; includeInIndex = 1; lastKnownFileType = text.xcconfig; name = "Pods-react-native-zendesk-support.release.xcconfig"; path = "Target Support Files/Pods-react-native-zendesk-support/Pods-react-native-zendesk-support.release.xcconfig"; sourceTree = "<group>"; };
/* End PBXFileReference section */

/* Begin PBXFrameworksBuildPhase section */
		B55C445822B2A2EE0073E13F /* Frameworks */ = {
			isa = PBXFrameworksBuildPhase;
			buildActionMask = 2147483647;
			files = (
				179985417FAFE7652D1653AD /* libPods-react-native-zendesk-support.a in Frameworks */,
			);
			runOnlyForDeploymentPostprocessing = 0;
		};
/* End PBXFrameworksBuildPhase section */

/* Begin PBXGroup section */
		554F6E07CA0E912AB4BCFE77 /* Frameworks */ = {
			isa = PBXGroup;
			children = (
				DE3DD7606AC46653B4B2F31D /* libPods-react-native-zendesk-support.a */,
			);
			name = Frameworks;
			sourceTree = "<group>";
		};
		B55C445222B2A2EE0073E13F = {
			isa = PBXGroup;
			children = (
				B55C445D22B2A2EE0073E13F /* react-native-zendesk-support */,
				B55C445C22B2A2EE0073E13F /* Products */,
				D114C16BC1A65DFA9C452F02 /* Pods */,
				554F6E07CA0E912AB4BCFE77 /* Frameworks */,
			);
			sourceTree = "<group>";
		};
		B55C445C22B2A2EE0073E13F /* Products */ = {
			isa = PBXGroup;
			children = (
				B55C445B22B2A2EE0073E13F /* libreact-native-zendesk-support.a */,
			);
			name = Products;
			sourceTree = "<group>";
		};
		B55C445D22B2A2EE0073E13F /* react-native-zendesk-support */ = {
			isa = PBXGroup;
			children = (
				B55C445E22B2A2EE0073E13F /* react_native_zendesk_support.h */,
				B55C445F22B2A2EE0073E13F /* react_native_zendesk_support.m */,
			);
			path = "react-native-zendesk-support";
			sourceTree = "<group>";
		};
		D114C16BC1A65DFA9C452F02 /* Pods */ = {
			isa = PBXGroup;
			children = (
				641002DFF4EC09D021BAC6B2 /* Pods-react-native-zendesk-support.debug.xcconfig */,
				F39A61C848AA0D50C21E43A8 /* Pods-react-native-zendesk-support.release.xcconfig */,
			);
			path = Pods;
			sourceTree = "<group>";
		};
/* End PBXGroup section */

/* Begin PBXNativeTarget section */
		B55C445A22B2A2EE0073E13F /* react-native-zendesk-support */ = {
			isa = PBXNativeTarget;
			buildConfigurationList = B55C446422B2A2EE0073E13F /* Build configuration list for PBXNativeTarget "react-native-zendesk-support" */;
			buildPhases = (
				2EBBA2F31BF6A28B0CF1D43A /* [CP] Check Pods Manifest.lock */,
				B55C445722B2A2EE0073E13F /* Sources */,
				B55C445822B2A2EE0073E13F /* Frameworks */,
				B55C445922B2A2EE0073E13F /* CopyFiles */,
				B55C446722B2A3800073E13F /* ShellScript */,
			);
			buildRules = (
			);
			dependencies = (
			);
			name = "react-native-zendesk-support";
			productName = "react-native-zendesk-support";
			productReference = B55C445B22B2A2EE0073E13F /* libreact-native-zendesk-support.a */;
			productType = "com.apple.product-type.library.static";
		};
/* End PBXNativeTarget section */

/* Begin PBXProject section */
		B55C445322B2A2EE0073E13F /* Project object */ = {
			isa = PBXProject;
			attributes = {
				LastUpgradeCheck = 1020;
				ORGANIZATIONNAME = "Ryan Kuhn";
				TargetAttributes = {
					B55C445A22B2A2EE0073E13F = {
						CreatedOnToolsVersion = 10.2.1;
					};
				};
			};
			buildConfigurationList = B55C445622B2A2EE0073E13F /* Build configuration list for PBXProject "react-native-zendesk-support" */;
			compatibilityVersion = "Xcode 9.3";
			developmentRegion = en;
			hasScannedForEncodings = 0;
			knownRegions = (
				en,
			);
			mainGroup = B55C445222B2A2EE0073E13F;
			productRefGroup = B55C445C22B2A2EE0073E13F /* Products */;
			projectDirPath = "";
			projectRoot = "";
			targets = (
				B55C445A22B2A2EE0073E13F /* react-native-zendesk-support */,
			);
		};
/* End PBXProject section */

/* Begin PBXShellScriptBuildPhase section */
		2EBBA2F31BF6A28B0CF1D43A /* [CP] Check Pods Manifest.lock */ = {
			isa = PBXShellScriptBuildPhase;
			buildActionMask = 2147483647;
			files = (
			);
			inputFileListPaths = (
			);
			inputPaths = (
				"${PODS_PODFILE_DIR_PATH}/Podfile.lock",
				"${PODS_ROOT}/Manifest.lock",
			);
			name = "[CP] Check Pods Manifest.lock";
			outputFileListPaths = (
			);
			outputPaths = (
				"$(DERIVED_FILE_DIR)/Pods-react-native-zendesk-support-checkManifestLockResult.txt",
			);
			runOnlyForDeploymentPostprocessing = 0;
			shellPath = /bin/sh;
			shellScript = "diff \"${PODS_PODFILE_DIR_PATH}/Podfile.lock\" \"${PODS_ROOT}/Manifest.lock\" > /dev/null\nif [ $? != 0 ] ; then\n    # print error to STDERR\n    echo \"error: The sandbox is not in sync with the Podfile.lock. Run 'pod install' or update your CocoaPods installation.\" >&2\n    exit 1\nfi\n# This output is used by Xcode 'outputs' to avoid re-running this script phase.\necho \"SUCCESS\" > \"${SCRIPT_OUTPUT_FILE_0}\"\n";
			showEnvVarsInLog = 0;
		};
		B55C446722B2A3800073E13F /* ShellScript */ = {
			isa = PBXShellScriptBuildPhase;
			buildActionMask = 2147483647;
			files = (
			);
			inputFileListPaths = (
			);
			inputPaths = (
			);
			outputFileListPaths = (
			);
			outputPaths = (
			);
			runOnlyForDeploymentPostprocessing = 0;
			shellPath = /bin/sh;
			shellScript = "# Type a script or drag a script file from your workspace to insert its path.\nbash \"${BUILT_PRODUCTS_DIR}/${FRAMEWORKS_FOLDER_PATH}/ZendeskCoreSDK.framework/strip-frameworks.sh\"\n";
		};
/* End PBXShellScriptBuildPhase section */

/* Begin PBXSourcesBuildPhase section */
		B55C445722B2A2EE0073E13F /* Sources */ = {
			isa = PBXSourcesBuildPhase;
			buildActionMask = 2147483647;
			files = (
				B55C446022B2A2EE0073E13F /* react_native_zendesk_support.m in Sources */,
			);
			runOnlyForDeploymentPostprocessing = 0;
		};
/* End PBXSourcesBuildPhase section */

/* Begin XCBuildConfiguration section */
		B55C446222B2A2EE0073E13F /* Debug */ = {
			isa = XCBuildConfiguration;
			buildSettings = {
				ALWAYS_SEARCH_USER_PATHS = NO;
				CLANG_ANALYZER_NONNULL = YES;
				CLANG_ANALYZER_NUMBER_OBJECT_CONVERSION = YES_AGGRESSIVE;
				CLANG_CXX_LANGUAGE_STANDARD = "gnu++14";
				CLANG_CXX_LIBRARY = "libc++";
				CLANG_ENABLE_MODULES = YES;
				CLANG_ENABLE_OBJC_ARC = YES;
				CLANG_ENABLE_OBJC_WEAK = YES;
				CLANG_WARN_BLOCK_CAPTURE_AUTORELEASING = YES;
				CLANG_WARN_BOOL_CONVERSION = YES;
				CLANG_WARN_COMMA = YES;
				CLANG_WARN_CONSTANT_CONVERSION = YES;
				CLANG_WARN_DEPRECATED_OBJC_IMPLEMENTATIONS = YES;
				CLANG_WARN_DIRECT_OBJC_ISA_USAGE = YES_ERROR;
				CLANG_WARN_DOCUMENTATION_COMMENTS = YES;
				CLANG_WARN_EMPTY_BODY = YES;
				CLANG_WARN_ENUM_CONVERSION = YES;
				CLANG_WARN_INFINITE_RECURSION = YES;
				CLANG_WARN_INT_CONVERSION = YES;
				CLANG_WARN_NON_LITERAL_NULL_CONVERSION = YES;
				CLANG_WARN_OBJC_IMPLICIT_RETAIN_SELF = YES;
				CLANG_WARN_OBJC_LITERAL_CONVERSION = YES;
				CLANG_WARN_OBJC_ROOT_CLASS = YES_ERROR;
				CLANG_WARN_RANGE_LOOP_ANALYSIS = YES;
				CLANG_WARN_STRICT_PROTOTYPES = YES;
				CLANG_WARN_SUSPICIOUS_MOVE = YES;
				CLANG_WARN_UNGUARDED_AVAILABILITY = YES_AGGRESSIVE;
				CLANG_WARN_UNREACHABLE_CODE = YES;
				CLANG_WARN__DUPLICATE_METHOD_MATCH = YES;
				CODE_SIGN_IDENTITY = "iPhone Developer";
				COPY_PHASE_STRIP = NO;
				DEBUG_INFORMATION_FORMAT = dwarf;
				ENABLE_STRICT_OBJC_MSGSEND = YES;
				ENABLE_TESTABILITY = YES;
				GCC_C_LANGUAGE_STANDARD = gnu11;
				GCC_DYNAMIC_NO_PIC = NO;
				GCC_NO_COMMON_BLOCKS = YES;
				GCC_OPTIMIZATION_LEVEL = 0;
				GCC_PREPROCESSOR_DEFINITIONS = (
					"DEBUG=1",
					"$(inherited)",
				);
				GCC_WARN_64_TO_32_BIT_CONVERSION = YES;
				GCC_WARN_ABOUT_RETURN_TYPE = YES_ERROR;
				GCC_WARN_UNDECLARED_SELECTOR = YES;
				GCC_WARN_UNINITIALIZED_AUTOS = YES_AGGRESSIVE;
				GCC_WARN_UNUSED_FUNCTION = YES;
				GCC_WARN_UNUSED_VARIABLE = YES;
				IPHONEOS_DEPLOYMENT_TARGET = 12.2;
				MTL_ENABLE_DEBUG_INFO = INCLUDE_SOURCE;
				MTL_FAST_MATH = YES;
				ONLY_ACTIVE_ARCH = YES;
				SDKROOT = iphoneos;
			};
			name = Debug;
		};
		B55C446322B2A2EE0073E13F /* Release */ = {
			isa = XCBuildConfiguration;
			buildSettings = {
				ALWAYS_SEARCH_USER_PATHS = NO;
				CLANG_ANALYZER_NONNULL = YES;
				CLANG_ANALYZER_NUMBER_OBJECT_CONVERSION = YES_AGGRESSIVE;
				CLANG_CXX_LANGUAGE_STANDARD = "gnu++14";
				CLANG_CXX_LIBRARY = "libc++";
				CLANG_ENABLE_MODULES = YES;
				CLANG_ENABLE_OBJC_ARC = YES;
				CLANG_ENABLE_OBJC_WEAK = YES;
				CLANG_WARN_BLOCK_CAPTURE_AUTORELEASING = YES;
				CLANG_WARN_BOOL_CONVERSION = YES;
				CLANG_WARN_COMMA = YES;
				CLANG_WARN_CONSTANT_CONVERSION = YES;
				CLANG_WARN_DEPRECATED_OBJC_IMPLEMENTATIONS = YES;
				CLANG_WARN_DIRECT_OBJC_ISA_USAGE = YES_ERROR;
				CLANG_WARN_DOCUMENTATION_COMMENTS = YES;
				CLANG_WARN_EMPTY_BODY = YES;
				CLANG_WARN_ENUM_CONVERSION = YES;
				CLANG_WARN_INFINITE_RECURSION = YES;
				CLANG_WARN_INT_CONVERSION = YES;
				CLANG_WARN_NON_LITERAL_NULL_CONVERSION = YES;
				CLANG_WARN_OBJC_IMPLICIT_RETAIN_SELF = YES;
				CLANG_WARN_OBJC_LITERAL_CONVERSION = YES;
				CLANG_WARN_OBJC_ROOT_CLASS = YES_ERROR;
				CLANG_WARN_RANGE_LOOP_ANALYSIS = YES;
				CLANG_WARN_STRICT_PROTOTYPES = YES;
				CLANG_WARN_SUSPICIOUS_MOVE = YES;
				CLANG_WARN_UNGUARDED_AVAILABILITY = YES_AGGRESSIVE;
				CLANG_WARN_UNREACHABLE_CODE = YES;
				CLANG_WARN__DUPLICATE_METHOD_MATCH = YES;
				CODE_SIGN_IDENTITY = "iPhone Developer";
				COPY_PHASE_STRIP = NO;
				DEBUG_INFORMATION_FORMAT = "dwarf-with-dsym";
				ENABLE_NS_ASSERTIONS = NO;
				ENABLE_STRICT_OBJC_MSGSEND = YES;
				GCC_C_LANGUAGE_STANDARD = gnu11;
				GCC_NO_COMMON_BLOCKS = YES;
				GCC_WARN_64_TO_32_BIT_CONVERSION = YES;
				GCC_WARN_ABOUT_RETURN_TYPE = YES_ERROR;
				GCC_WARN_UNDECLARED_SELECTOR = YES;
				GCC_WARN_UNINITIALIZED_AUTOS = YES_AGGRESSIVE;
				GCC_WARN_UNUSED_FUNCTION = YES;
				GCC_WARN_UNUSED_VARIABLE = YES;
				IPHONEOS_DEPLOYMENT_TARGET = 12.2;
				MTL_ENABLE_DEBUG_INFO = NO;
				MTL_FAST_MATH = YES;
				SDKROOT = iphoneos;
				VALIDATE_PRODUCT = YES;
			};
			name = Release;
		};
		B55C446522B2A2EE0073E13F /* Debug */ = {
			isa = XCBuildConfiguration;
			baseConfigurationReference = 641002DFF4EC09D021BAC6B2 /* Pods-react-native-zendesk-support.debug.xcconfig */;
			buildSettings = {
				CODE_SIGN_STYLE = Automatic;
				OTHER_LDFLAGS = "-ObjC";
				PRODUCT_NAME = "$(TARGET_NAME)";
				SKIP_INSTALL = YES;
				TARGETED_DEVICE_FAMILY = "1,2";
			};
			name = Debug;
		};
		B55C446622B2A2EE0073E13F /* Release */ = {
			isa = XCBuildConfiguration;
			baseConfigurationReference = F39A61C848AA0D50C21E43A8 /* Pods-react-native-zendesk-support.release.xcconfig */;
			buildSettings = {
				CODE_SIGN_STYLE = Automatic;
				OTHER_LDFLAGS = "-ObjC";
				PRODUCT_NAME = "$(TARGET_NAME)";
				SKIP_INSTALL = YES;
				TARGETED_DEVICE_FAMILY = "1,2";
			};
			name = Release;
		};
/* End XCBuildConfiguration section */

/* Begin XCConfigurationList section */
		B55C445622B2A2EE0073E13F /* Build configuration list for PBXProject "react-native-zendesk-support" */ = {
			isa = XCConfigurationList;
			buildConfigurations = (
				B55C446222B2A2EE0073E13F /* Debug */,
				B55C446322B2A2EE0073E13F /* Release */,
			);
			defaultConfigurationIsVisible = 0;
			defaultConfigurationName = Release;
		};
		B55C446422B2A2EE0073E13F /* Build configuration list for PBXNativeTarget "react-native-zendesk-support" */ = {
			isa = XCConfigurationList;
			buildConfigurations = (
				B55C446522B2A2EE0073E13F /* Debug */,
				B55C446622B2A2EE0073E13F /* Release */,
			);
			defaultConfigurationIsVisible = 0;
			defaultConfigurationName = Release;
		};
/* End XCConfigurationList section */
	};
	rootObject = B55C445322B2A2EE0073E13F /* Project object */;
}
