PODS:
  - ZendeskSDK (2.3.1):
    - ZendeskSDK/Providers (= 2.3.1)
    - ZendeskSDK/UI (= 2.3.1)
  - ZendeskSDK/Core (2.3.1)
  - ZendeskSDK/Providers (2.3.1):
    - ZendeskSDK/Core
  - ZendeskSDK/UI (2.3.1):
    - ZendeskSDK/Core
    - ZendeskSDK/Providers

DEPENDENCIES:
  - ZendeskSDK

SPEC REPOS:
  https://github.com/cocoapods/specs.git:
    - ZendeskSDK

SPEC CHECKSUMS:
  ZendeskSDK: cbd49d65efb2f2cdbdcaac84e618896ae87b861e

PODFILE CHECKSUM: 02bea58ec5cccca8973837a21d69e44c5a3d2ba2

COCOAPODS: 1.7.0
