// !$*UTF8*$!
{
	archiveVersion = 1;
	classes = {
	};
	objectVersion = 50;
	objects = {

/* Begin PBXBuildFile section */
		B5680DAB22B2A52900EFEDAB /* RNZenDeskSupport.m in Sources */ = {isa = PBXBuildFile; fileRef = B5680DAA22B2A52900EFEDAB /* RNZenDeskSupport.m */; };
		B5680DAC22B2A52900EFEDAB /* RNZenDeskSupport.h in CopyFiles */ = {isa = PBXBuildFile; fileRef = B5680DA922B2A52900EFEDAB /* RNZenDeskSupport.h */; };
		D9D47D591381436DC19C5236 /* libPods-RNZenDeskSupport.a in Frameworks */ = {isa = PBXBuildFile; fileRef = EEFBD70AEE8B02CC555B81C5 /* libPods-RNZenDeskSupport.a */; };
/* End PBXBuildFile section */

/* Begin PBXCopyFilesBuildPhase section */
		B5680DA422B2A52900EFEDAB /* CopyFiles */ = {
			isa = PBXCopyFilesBuildPhase;
			buildActionMask = 2147483647;
			dstPath = "include/$(PRODUCT_NAME)";
			dstSubfolderSpec = 16;
			files = (
				B5680DAC22B2A52900EFEDAB /* RNZenDeskSupport.h in CopyFiles */,
			);
			runOnlyForDeploymentPostprocessing = 0;
		};
/* End PBXCopyFilesBuildPhase section */

/* Begin PBXFileReference section */
		29108BC69E530B68A63ACFA3 /* Pods-RNZenDeskSupport.debug.xcconfig */ = {isa = PBXFileReference; includeInIndex = 1; lastKnownFileType = text.xcconfig; name = "Pods-RNZenDeskSupport.debug.xcconfig"; path = "Target Support Files/Pods-RNZenDeskSupport/Pods-RNZenDeskSupport.debug.xcconfig"; sourceTree = "<group>"; };
		B320D02CB1FFE7765947749F /* Pods-RNZenDeskSupport.release.xcconfig */ = {isa = PBXFileReference; includeInIndex = 1; lastKnownFileType = text.xcconfig; name = "Pods-RNZenDeskSupport.release.xcconfig"; path = "Target Support Files/Pods-RNZenDeskSupport/Pods-RNZenDeskSupport.release.xcconfig"; sourceTree = "<group>"; };
		B5680DA622B2A52900EFEDAB /* libRNZenDeskSupport.a */ = {isa = PBXFileReference; explicitFileType = archive.ar; includeInIndex = 0; path = libRNZenDeskSupport.a; sourceTree = BUILT_PRODUCTS_DIR; };
		B5680DA922B2A52900EFEDAB /* RNZenDeskSupport.h */ = {isa = PBXFileReference; lastKnownFileType = sourcecode.c.h; path = RNZenDeskSupport.h; sourceTree = "<group>"; };
		B5680DAA22B2A52900EFEDAB /* RNZenDeskSupport.m */ = {isa = PBXFileReference; lastKnownFileType = sourcecode.c.objc; path = RNZenDeskSupport.m; sourceTree = "<group>"; };
		EEFBD70AEE8B02CC555B81C5 /* libPods-RNZenDeskSupport.a */ = {isa = PBXFileReference; explicitFileType = archive.ar; includeInIndex = 0; path = "libPods-RNZenDeskSupport.a"; sourceTree = BUILT_PRODUCTS_DIR; };
/* End PBXFileReference section */

/* Begin PBXFrameworksBuildPhase section */
		B5680DA322B2A52900EFEDAB /* Frameworks */ = {
			isa = PBXFrameworksBuildPhase;
			buildActionMask = 2147483647;
			files = (
				D9D47D591381436DC19C5236 /* libPods-RNZenDeskSupport.a in Frameworks */,
			);
			runOnlyForDeploymentPostprocessing = 0;
		};
/* End PBXFrameworksBuildPhase section */

/* Begin PBXGroup section */
		7DB5580C20C96AD001F38365 /* Frameworks */ = {
			isa = PBXGroup;
			children = (
				EEFBD70AEE8B02CC555B81C5 /* libPods-RNZenDeskSupport.a */,
			);
			name = Frameworks;
			sourceTree = "<group>";
		};
		B5680D9D22B2A52900EFEDAB = {
			isa = PBXGroup;
			children = (
				B5680DA822B2A52900EFEDAB /* RNZenDeskSupport */,
				B5680DA722B2A52900EFEDAB /* Products */,
				E3B49FC0523C869FD5C5AB61 /* Pods */,
				7DB5580C20C96AD001F38365 /* Frameworks */,
			);
			sourceTree = "<group>";
		};
		B5680DA722B2A52900EFEDAB /* Products */ = {
			isa = PBXGroup;
			children = (
				B5680DA622B2A52900EFEDAB /* libRNZenDeskSupport.a */,
			);
			name = Products;
			sourceTree = "<group>";
		};
		B5680DA822B2A52900EFEDAB /* RNZenDeskSupport */ = {
			isa = PBXGroup;
			children = (
				B5680DA922B2A52900EFEDAB /* RNZenDeskSupport.h */,
				B5680DAA22B2A52900EFEDAB /* RNZenDeskSupport.m */,
			);
			path = RNZenDeskSupport;
			sourceTree = "<group>";
		};
		E3B49FC0523C869FD5C5AB61 /* Pods */ = {
			isa = PBXGroup;
			children = (
				29108BC69E530B68A63ACFA3 /* Pods-RNZenDeskSupport.debug.xcconfig */,
				B320D02CB1FFE7765947749F /* Pods-RNZenDeskSupport.release.xcconfig */,
			);
			path = Pods;
			sourceTree = "<group>";
		};
/* End PBXGroup section */

/* Begin PBXNativeTarget section */
		B5680DA522B2A52900EFEDAB /* RNZenDeskSupport */ = {
			isa = PBXNativeTarget;
			buildConfigurationList = B5680DAF22B2A52900EFEDAB /* Build configuration list for PBXNativeTarget "RNZenDeskSupport" */;
			buildPhases = (
				89994D4C56020C826B2FDA16 /* [CP] Check Pods Manifest.lock */,
				B5680DA222B2A52900EFEDAB /* Sources */,
				B5680DA322B2A52900EFEDAB /* Frameworks */,
				B5680DA422B2A52900EFEDAB /* CopyFiles */,
				B5680DB222B2A5B200EFEDAB /* ShellScript */,
			);
			buildRules = (
			);
			dependencies = (
			);
			name = RNZenDeskSupport;
			productName = RNZenDeskSupport;
			productReference = B5680DA622B2A52900EFEDAB /* libRNZenDeskSupport.a */;
			productType = "com.apple.product-type.library.static";
		};
/* End PBXNativeTarget section */

/* Begin PBXProject section */
		B5680D9E22B2A52900EFEDAB /* Project object */ = {
			isa = PBXProject;
			attributes = {
				LastUpgradeCheck = 1020;
				ORGANIZATIONNAME = "Ryan Kuhn";
				TargetAttributes = {
					B5680DA522B2A52900EFEDAB = {
						CreatedOnToolsVersion = 10.2.1;
					};
				};
			};
			buildConfigurationList = B5680DA122B2A52900EFEDAB /* Build configuration list for PBXProject "RNZenDeskSupport" */;
			compatibilityVersion = "Xcode 9.3";
			developmentRegion = en;
			hasScannedForEncodings = 0;
			knownRegions = (
				en,
			);
			mainGroup = B5680D9D22B2A52900EFEDAB;
			productRefGroup = B5680DA722B2A52900EFEDAB /* Products */;
			projectDirPath = "";
			projectRoot = "";
			targets = (
				B5680DA522B2A52900EFEDAB /* RNZenDeskSupport */,
			);
		};
/* End PBXProject section */

/* Begin PBXShellScriptBuildPhase section */
		89994D4C56020C826B2FDA16 /* [CP] Check Pods Manifest.lock */ = {
			isa = PBXShellScriptBuildPhase;
			buildActionMask = 2147483647;
			files = (
			);
			inputFileListPaths = (
			);
			inputPaths = (
				"${PODS_PODFILE_DIR_PATH}/Podfile.lock",
				"${PODS_ROOT}/Manifest.lock",
			);
			name = "[CP] Check Pods Manifest.lock";
			outputFileListPaths = (
			);
			outputPaths = (
				"$(DERIVED_FILE_DIR)/Pods-RNZenDeskSupport-checkManifestLockResult.txt",
			);
			runOnlyForDeploymentPostprocessing = 0;
			shellPath = /bin/sh;
			shellScript = "diff \"${PODS_PODFILE_DIR_PATH}/Podfile.lock\" \"${PODS_ROOT}/Manifest.lock\" > /dev/null\nif [ $? != 0 ] ; then\n    # print error to STDERR\n    echo \"error: The sandbox is not in sync with the Podfile.lock. Run 'pod install' or update your CocoaPods installation.\" >&2\n    exit 1\nfi\n# This output is used by Xcode 'outputs' to avoid re-running this script phase.\necho \"SUCCESS\" > \"${SCRIPT_OUTPUT_FILE_0}\"\n";
			showEnvVarsInLog = 0;
		};
		B5680DB222B2A5B200EFEDAB /* ShellScript */ = {
			isa = PBXShellScriptBuildPhase;
			buildActionMask = 2147483647;
			files = (
			);
			inputFileListPaths = (
			);
			inputPaths = (
			);
			outputFileListPaths = (
			);
			outputPaths = (
			);
			runOnlyForDeploymentPostprocessing = 0;
			shellPath = /bin/sh;
			shellScript = "# Type a script or drag a script file from your workspace to insert its path.\nbash \"${BUILT_PRODUCTS_DIR}/${FRAMEWORKS_FOLDER_PATH}/ZendeskCoreSDK.framework/strip-frameworks.sh\"\n";
		};
/* End PBXShellScriptBuildPhase section */

/* Begin PBXSourcesBuildPhase section */
		B5680DA222B2A52900EFEDAB /* Sources */ = {
			isa = PBXSourcesBuildPhase;
			buildActionMask = 2147483647;
			files = (
				B5680DAB22B2A52900EFEDAB /* RNZenDeskSupport.m in Sources */,
			);
			runOnlyForDeploymentPostprocessing = 0;
		};
/* End PBXSourcesBuildPhase section */

/* Begin XCBuildConfiguration section */
		B5680DAD22B2A52900EFEDAB /* Debug */ = {
			isa = XCBuildConfiguration;
			buildSettings = {
				ALWAYS_SEARCH_USER_PATHS = NO;
				CLANG_ANALYZER_NONNULL = YES;
				CLANG_ANALYZER_NUMBER_OBJECT_CONVERSION = YES_AGGRESSIVE;
				CLANG_CXX_LANGUAGE_STANDARD = "gnu++14";
				CLANG_CXX_LIBRARY = "libc++";
				CLANG_ENABLE_MODULES = YES;
				CLANG_ENABLE_OBJC_ARC = YES;
				CLANG_ENABLE_OBJC_WEAK = YES;
				CLANG_WARN_BLOCK_CAPTURE_AUTORELEASING = YES;
				CLANG_WARN_BOOL_CONVERSION = YES;
				CLANG_WARN_COMMA = YES;
				CLANG_WARN_CONSTANT_CONVERSION = YES;
				CLANG_WARN_DEPRECATED_OBJC_IMPLEMENTATIONS = YES;
				CLANG_WARN_DIRECT_OBJC_ISA_USAGE = YES_ERROR;
				CLANG_WARN_DOCUMENTATION_COMMENTS = YES;
				CLANG_WARN_EMPTY_BODY = YES;
				CLANG_WARN_ENUM_CONVERSION = YES;
				CLANG_WARN_INFINITE_RECURSION = YES;
				CLANG_WARN_INT_CONVERSION = YES;
				CLANG_WARN_NON_LITERAL_NULL_CONVERSION = YES;
				CLANG_WARN_OBJC_IMPLICIT_RETAIN_SELF = YES;
				CLANG_WARN_OBJC_LITERAL_CONVERSION = YES;
				CLANG_WARN_OBJC_ROOT_CLASS = YES_ERROR;
				CLANG_WARN_RANGE_LOOP_ANALYSIS = YES;
				CLANG_WARN_STRICT_PROTOTYPES = YES;
				CLANG_WARN_SUSPICIOUS_MOVE = YES;
				CLANG_WARN_UNGUARDED_AVAILABILITY = YES_AGGRESSIVE;
				CLANG_WARN_UNREACHABLE_CODE = YES;
				CLANG_WARN__DUPLICATE_METHOD_MATCH = YES;
				CODE_SIGN_IDENTITY = "iPhone Developer";
				COPY_PHASE_STRIP = NO;
				DEBUG_INFORMATION_FORMAT = dwarf;
				ENABLE_STRICT_OBJC_MSGSEND = YES;
				ENABLE_TESTABILITY = YES;
				GCC_C_LANGUAGE_STANDARD = gnu11;
				GCC_DYNAMIC_NO_PIC = NO;
				GCC_NO_COMMON_BLOCKS = YES;
				GCC_OPTIMIZATION_LEVEL = 0;
				GCC_PREPROCESSOR_DEFINITIONS = (
					"DEBUG=1",
					"$(inherited)",
				);
				GCC_WARN_64_TO_32_BIT_CONVERSION = YES;
				GCC_WARN_ABOUT_RETURN_TYPE = YES_ERROR;
				GCC_WARN_UNDECLARED_SELECTOR = YES;
				GCC_WARN_UNINITIALIZED_AUTOS = YES_AGGRESSIVE;
				GCC_WARN_UNUSED_FUNCTION = YES;
				GCC_WARN_UNUSED_VARIABLE = YES;
				IPHONEOS_DEPLOYMENT_TARGET = 12.2;
				MTL_ENABLE_DEBUG_INFO = INCLUDE_SOURCE;
				MTL_FAST_MATH = YES;
				ONLY_ACTIVE_ARCH = YES;
				SDKROOT = iphoneos;
			};
			name = Debug;
		};
		B5680DAE22B2A52900EFEDAB /* Release */ = {
			isa = XCBuildConfiguration;
			buildSettings = {
				ALWAYS_SEARCH_USER_PATHS = NO;
				CLANG_ANALYZER_NONNULL = YES;
				CLANG_ANALYZER_NUMBER_OBJECT_CONVERSION = YES_AGGRESSIVE;
				CLANG_CXX_LANGUAGE_STANDARD = "gnu++14";
				CLANG_CXX_LIBRARY = "libc++";
				CLANG_ENABLE_MODULES = YES;
				CLANG_ENABLE_OBJC_ARC = YES;
				CLANG_ENABLE_OBJC_WEAK = YES;
				CLANG_WARN_BLOCK_CAPTURE_AUTORELEASING = YES;
				CLANG_WARN_BOOL_CONVERSION = YES;
				CLANG_WARN_COMMA = YES;
				CLANG_WARN_CONSTANT_CONVERSION = YES;
				CLANG_WARN_DEPRECATED_OBJC_IMPLEMENTATIONS = YES;
				CLANG_WARN_DIRECT_OBJC_ISA_USAGE = YES_ERROR;
				CLANG_WARN_DOCUMENTATION_COMMENTS = YES;
				CLANG_WARN_EMPTY_BODY = YES;
				CLANG_WARN_ENUM_CONVERSION = YES;
				CLANG_WARN_INFINITE_RECURSION = YES;
				CLANG_WARN_INT_CONVERSION = YES;
				CLANG_WARN_NON_LITERAL_NULL_CONVERSION = YES;
				CLANG_WARN_OBJC_IMPLICIT_RETAIN_SELF = YES;
				CLANG_WARN_OBJC_LITERAL_CONVERSION = YES;
				CLANG_WARN_OBJC_ROOT_CLASS = YES_ERROR;
				CLANG_WARN_RANGE_LOOP_ANALYSIS = YES;
				CLANG_WARN_STRICT_PROTOTYPES = YES;
				CLANG_WARN_SUSPICIOUS_MOVE = YES;
				CLANG_WARN_UNGUARDED_AVAILABILITY = YES_AGGRESSIVE;
				CLANG_WARN_UNREACHABLE_CODE = YES;
				CLANG_WARN__DUPLICATE_METHOD_MATCH = YES;
				CODE_SIGN_IDENTITY = "iPhone Developer";
				COPY_PHASE_STRIP = NO;
				DEBUG_INFORMATION_FORMAT = "dwarf-with-dsym";
				ENABLE_NS_ASSERTIONS = NO;
				ENABLE_STRICT_OBJC_MSGSEND = YES;
				GCC_C_LANGUAGE_STANDARD = gnu11;
				GCC_NO_COMMON_BLOCKS = YES;
				GCC_WARN_64_TO_32_BIT_CONVERSION = YES;
				GCC_WARN_ABOUT_RETURN_TYPE = YES_ERROR;
				GCC_WARN_UNDECLARED_SELECTOR = YES;
				GCC_WARN_UNINITIALIZED_AUTOS = YES_AGGRESSIVE;
				GCC_WARN_UNUSED_FUNCTION = YES;
				GCC_WARN_UNUSED_VARIABLE = YES;
				IPHONEOS_DEPLOYMENT_TARGET = 12.2;
				MTL_ENABLE_DEBUG_INFO = NO;
				MTL_FAST_MATH = YES;
				SDKROOT = iphoneos;
				VALIDATE_PRODUCT = YES;
			};
			name = Release;
		};
		B5680DB022B2A52900EFEDAB /* Debug */ = {
			isa = XCBuildConfiguration;
			baseConfigurationReference = 29108BC69E530B68A63ACFA3 /* Pods-RNZenDeskSupport.debug.xcconfig */;
			buildSettings = {
				CODE_SIGN_STYLE = Automatic;
				OTHER_LDFLAGS = "-ObjC";
				PRODUCT_NAME = "$(TARGET_NAME)";
				SKIP_INSTALL = YES;
				TARGETED_DEVICE_FAMILY = "1,2";
			};
			name = Debug;
		};
		B5680DB122B2A52900EFEDAB /* Release */ = {
			isa = XCBuildConfiguration;
			baseConfigurationReference = B320D02CB1FFE7765947749F /* Pods-RNZenDeskSupport.release.xcconfig */;
			buildSettings = {
				CODE_SIGN_STYLE = Automatic;
				OTHER_LDFLAGS = "-ObjC";
				PRODUCT_NAME = "$(TARGET_NAME)";
				SKIP_INSTALL = YES;
				TARGETED_DEVICE_FAMILY = "1,2";
			};
			name = Release;
		};
/* End XCBuildConfiguration section */

/* Begin XCConfigurationList section */
		B5680DA122B2A52900EFEDAB /* Build configuration list for PBXProject "RNZenDeskSupport" */ = {
			isa = XCConfigurationList;
			buildConfigurations = (
				B5680DAD22B2A52900EFEDAB /* Debug */,
				B5680DAE22B2A52900EFEDAB /* Release */,
			);
			defaultConfigurationIsVisible = 0;
			defaultConfigurationName = Release;
		};
		B5680DAF22B2A52900EFEDAB /* Build configuration list for PBXNativeTarget "RNZenDeskSupport" */ = {
			isa = XCConfigurationList;
			buildConfigurations = (
				B5680DB022B2A52900EFEDAB /* Debug */,
				B5680DB122B2A52900EFEDAB /* Release */,
			);
			defaultConfigurationIsVisible = 0;
			defaultConfigurationName = Release;
		};
/* End XCConfigurationList section */
	};
	rootObject = B5680D9E22B2A52900EFEDAB /* Project object */;
}
